
Microsoft Visual Studio Solution File, Format Version 12.00
# Visual Studio Version 17
VisualStudioVersion = 17.0.32126.317
MinimumVisualStudioVersion = 10.0.40219.1
Project("{FAE04EC0-301F-11D3-BF4B-00C04F79EFBC}") = "module14pr", "module14pr\module14pr.csproj", "{D7ABC755-ED98-4BD3-A8E2-62278BDFEF2D}"
EndProject
Global
	GlobalSection(SolutionConfigurationPlatforms) = preSolution
		Debug|Any CPU = Debug|Any CPU
		Release|Any CPU = Release|Any CPU
	EndGlobalSection
	GlobalSection(ProjectConfigurationPlatforms) = postSolution
		{D7ABC755-ED98-4BD3-A8E2-62278BDFEF2D}.Debug|Any CPU.ActiveCfg = Debug|Any CPU
		{D7ABC755-ED98-4BD3-A8E2-62278BDFEF2D}.Debug|Any CPU.Build.0 = Debug|Any CPU
		{D7ABC755-ED98-4BD3-A8E2-62278BDFEF2D}.Release|Any CPU.ActiveCfg = Release|Any CPU
		{D7ABC755-ED98-4BD3-A8E2-62278BDFEF2D}.Release|Any CPU.Build.0 = Release|Any CPU
	EndGlobalSection
	GlobalSection(SolutionProperties) = preSolution
		HideSolutionNode = FALSE
	EndGlobalSection
	GlobalSection(ExtensibilityGlobals) = postSolution
		SolutionGuid = {6F8C7562-1134-41BA-8735-2F092B862FB3}
	EndGlobalSection
EndGlobal
